// !$*UTF8*$!
{
	archiveVersion = 1;
	classes = {
	};
	objectVersion = 48;
	objects = {

/* Begin PBXBuildFile section */
		839DA90D1F8D1F95009E05F3 /* main.swift in Sources */ = {isa = PBXBuildFile; fileRef = 839DA90C1F8D1F95009E05F3 /* main.swift */; };
		EE37309B1FDF74590034082C /* StrawberryMilk.swift in Sources */ = {isa = PBXBuildFile; fileRef = EE37309A1FDF74590034082C /* StrawberryMilk.swift */; };
		EE37309C1FDF74590034082C /* StrawberryMilk.swift in Sources */ = {isa = PBXBuildFile; fileRef = EE37309A1FDF74590034082C /* StrawberryMilk.swift */; };
		EE37309E1FDF746A0034082C /* BananaMilk.swift in Sources */ = {isa = PBXBuildFile; fileRef = EE37309D1FDF746A0034082C /* BananaMilk.swift */; };
		EE37309F1FDF746A0034082C /* BananaMilk.swift in Sources */ = {isa = PBXBuildFile; fileRef = EE37309D1FDF746A0034082C /* BananaMilk.swift */; };
		EE3730A11FDF74740034082C /* ChocoMilk.swift in Sources */ = {isa = PBXBuildFile; fileRef = EE3730A01FDF74740034082C /* ChocoMilk.swift */; };
		EE3730A21FDF74740034082C /* ChocoMilk.swift in Sources */ = {isa = PBXBuildFile; fileRef = EE3730A01FDF74740034082C /* ChocoMilk.swift */; };
		EE3730A41FDF74830034082C /* CokeSoftDrink.swift in Sources */ = {isa = PBXBuildFile; fileRef = EE3730A31FDF74830034082C /* CokeSoftDrink.swift */; };
		EE3730A51FDF74830034082C /* CokeSoftDrink.swift in Sources */ = {isa = PBXBuildFile; fileRef = EE3730A31FDF74830034082C /* CokeSoftDrink.swift */; };
		EE3730A71FDF748D0034082C /* CiderSoftDrink.swift in Sources */ = {isa = PBXBuildFile; fileRef = EE3730A61FDF748D0034082C /* CiderSoftDrink.swift */; };
		EE3730A81FDF748D0034082C /* CiderSoftDrink.swift in Sources */ = {isa = PBXBuildFile; fileRef = EE3730A61FDF748D0034082C /* CiderSoftDrink.swift */; };
		EE3730AA1FDF74970034082C /* FantaSoftDrink.swift in Sources */ = {isa = PBXBuildFile; fileRef = EE3730A91FDF74970034082C /* FantaSoftDrink.swift */; };
		EE3730AB1FDF74970034082C /* FantaSoftDrink.swift in Sources */ = {isa = PBXBuildFile; fileRef = EE3730A91FDF74970034082C /* FantaSoftDrink.swift */; };
		EE3730AD1FDF74A40034082C /* TopCoffee.swift in Sources */ = {isa = PBXBuildFile; fileRef = EE3730AC1FDF74A40034082C /* TopCoffee.swift */; };
		EE3730AE1FDF74A40034082C /* TopCoffee.swift in Sources */ = {isa = PBXBuildFile; fileRef = EE3730AC1FDF74A40034082C /* TopCoffee.swift */; };
		EE3730B01FDF74AF0034082C /* CantataCoffee.swift in Sources */ = {isa = PBXBuildFile; fileRef = EE3730AF1FDF74AF0034082C /* CantataCoffee.swift */; };
		EE3730B11FDF74AF0034082C /* CantataCoffee.swift in Sources */ = {isa = PBXBuildFile; fileRef = EE3730AF1FDF74AF0034082C /* CantataCoffee.swift */; };
		EE3730B31FDF74B90034082C /* GeorgiaCoffee.swift in Sources */ = {isa = PBXBuildFile; fileRef = EE3730B21FDF74B90034082C /* GeorgiaCoffee.swift */; };
		EE3730B41FDF74B90034082C /* GeorgiaCoffee.swift in Sources */ = {isa = PBXBuildFile; fileRef = EE3730B21FDF74B90034082C /* GeorgiaCoffee.swift */; };
		EEC61AD11FDE69C0001698A4 /* VendingMachineTest.swift in Sources */ = {isa = PBXBuildFile; fileRef = EEC61AD01FDE69C0001698A4 /* VendingMachineTest.swift */; };
		EEC61AD71FDE69D0001698A4 /* Beverage.swift in Sources */ = {isa = PBXBuildFile; fileRef = EEC61AD61FDE69D0001698A4 /* Beverage.swift */; };
		EEC61AD81FDE69D0001698A4 /* Beverage.swift in Sources */ = {isa = PBXBuildFile; fileRef = EEC61AD61FDE69D0001698A4 /* Beverage.swift */; };
		EEC61ADA1FDE6C8C001698A4 /* Milk.swift in Sources */ = {isa = PBXBuildFile; fileRef = EEC61AD91FDE6C8C001698A4 /* Milk.swift */; };
		EEC61ADB1FDE6C8C001698A4 /* Milk.swift in Sources */ = {isa = PBXBuildFile; fileRef = EEC61AD91FDE6C8C001698A4 /* Milk.swift */; };
		EEC61ADD1FDE6C96001698A4 /* SoftDrink.swift in Sources */ = {isa = PBXBuildFile; fileRef = EEC61ADC1FDE6C96001698A4 /* SoftDrink.swift */; };
		EEC61ADE1FDE6C96001698A4 /* SoftDrink.swift in Sources */ = {isa = PBXBuildFile; fileRef = EEC61ADC1FDE6C96001698A4 /* SoftDrink.swift */; };
		EEC61AE01FDE6C9E001698A4 /* Coffee.swift in Sources */ = {isa = PBXBuildFile; fileRef = EEC61ADF1FDE6C9E001698A4 /* Coffee.swift */; };
		EEC61AE11FDE6C9E001698A4 /* Coffee.swift in Sources */ = {isa = PBXBuildFile; fileRef = EEC61ADF1FDE6C9E001698A4 /* Coffee.swift */; };
/* End PBXBuildFile section */

/* Begin PBXCopyFilesBuildPhase section */
		839DA9071F8D1F95009E05F3 /* CopyFiles */ = {
			isa = PBXCopyFilesBuildPhase;
			buildActionMask = 2147483647;
			dstPath = /usr/share/man/man1/;
			dstSubfolderSpec = 0;
			files = (
			);
			runOnlyForDeploymentPostprocessing = 1;
		};
/* End PBXCopyFilesBuildPhase section */

/* Begin PBXFileReference section */
		839DA9091F8D1F95009E05F3 /* VendingMachine */ = {isa = PBXFileReference; explicitFileType = "compiled.mach-o.executable"; includeInIndex = 0; path = VendingMachine; sourceTree = BUILT_PRODUCTS_DIR; };
		839DA90C1F8D1F95009E05F3 /* main.swift */ = {isa = PBXFileReference; lastKnownFileType = sourcecode.swift; path = main.swift; sourceTree = "<group>"; };
		EE37309A1FDF74590034082C /* StrawberryMilk.swift */ = {isa = PBXFileReference; lastKnownFileType = sourcecode.swift; path = StrawberryMilk.swift; sourceTree = "<group>"; };
		EE37309D1FDF746A0034082C /* BananaMilk.swift */ = {isa = PBXFileReference; lastKnownFileType = sourcecode.swift; path = BananaMilk.swift; sourceTree = "<group>"; };
		EE3730A01FDF74740034082C /* ChocoMilk.swift */ = {isa = PBXFileReference; lastKnownFileType = sourcecode.swift; path = ChocoMilk.swift; sourceTree = "<group>"; };
		EE3730A31FDF74830034082C /* CokeSoftDrink.swift */ = {isa = PBXFileReference; lastKnownFileType = sourcecode.swift; path = CokeSoftDrink.swift; sourceTree = "<group>"; };
		EE3730A61FDF748D0034082C /* CiderSoftDrink.swift */ = {isa = PBXFileReference; lastKnownFileType = sourcecode.swift; path = CiderSoftDrink.swift; sourceTree = "<group>"; };
		EE3730A91FDF74970034082C /* FantaSoftDrink.swift */ = {isa = PBXFileReference; lastKnownFileType = sourcecode.swift; path = FantaSoftDrink.swift; sourceTree = "<group>"; };
		EE3730AC1FDF74A40034082C /* TopCoffee.swift */ = {isa = PBXFileReference; lastKnownFileType = sourcecode.swift; path = TopCoffee.swift; sourceTree = "<group>"; };
		EE3730AF1FDF74AF0034082C /* CantataCoffee.swift */ = {isa = PBXFileReference; lastKnownFileType = sourcecode.swift; path = CantataCoffee.swift; sourceTree = "<group>"; };
		EE3730B21FDF74B90034082C /* GeorgiaCoffee.swift */ = {isa = PBXFileReference; lastKnownFileType = sourcecode.swift; path = GeorgiaCoffee.swift; sourceTree = "<group>"; };
		EEC61ACE1FDE69C0001698A4 /* VendingMachineTest.xctest */ = {isa = PBXFileReference; explicitFileType = wrapper.cfbundle; includeInIndex = 0; path = VendingMachineTest.xctest; sourceTree = BUILT_PRODUCTS_DIR; };
		EEC61AD01FDE69C0001698A4 /* VendingMachineTest.swift */ = {isa = PBXFileReference; lastKnownFileType = sourcecode.swift; path = VendingMachineTest.swift; sourceTree = "<group>"; };
		EEC61AD21FDE69C0001698A4 /* Info.plist */ = {isa = PBXFileReference; lastKnownFileType = text.plist.xml; path = Info.plist; sourceTree = "<group>"; };
		EEC61AD61FDE69D0001698A4 /* Beverage.swift */ = {isa = PBXFileReference; lastKnownFileType = sourcecode.swift; path = Beverage.swift; sourceTree = "<group>"; };
		EEC61AD91FDE6C8C001698A4 /* Milk.swift */ = {isa = PBXFileReference; lastKnownFileType = sourcecode.swift; path = Milk.swift; sourceTree = "<group>"; };
		EEC61ADC1FDE6C96001698A4 /* SoftDrink.swift */ = {isa = PBXFileReference; lastKnownFileType = sourcecode.swift; path = SoftDrink.swift; sourceTree = "<group>"; };
		EEC61ADF1FDE6C9E001698A4 /* Coffee.swift */ = {isa = PBXFileReference; lastKnownFileType = sourcecode.swift; path = Coffee.swift; sourceTree = "<group>"; };
/* End PBXFileReference section */

/* Begin PBXFrameworksBuildPhase section */
		839DA9061F8D1F95009E05F3 /* Frameworks */ = {
			isa = PBXFrameworksBuildPhase;
			buildActionMask = 2147483647;
			files = (
			);
			runOnlyForDeploymentPostprocessing = 0;
		};
		EEC61ACB1FDE69C0001698A4 /* Frameworks */ = {
			isa = PBXFrameworksBuildPhase;
			buildActionMask = 2147483647;
			files = (
			);
			runOnlyForDeploymentPostprocessing = 0;
		};
/* End PBXFrameworksBuildPhase section */

/* Begin PBXGroup section */
		839DA9001F8D1F95009E05F3 = {
			isa = PBXGroup;
			children = (
				839DA90B1F8D1F95009E05F3 /* VendingMachine */,
				EEC61ACF1FDE69C0001698A4 /* VendingMachineTest */,
				839DA90A1F8D1F95009E05F3 /* Products */,
			);
			sourceTree = "<group>";
		};
		839DA90A1F8D1F95009E05F3 /* Products */ = {
			isa = PBXGroup;
			children = (
				839DA9091F8D1F95009E05F3 /* VendingMachine */,
				EEC61ACE1FDE69C0001698A4 /* VendingMachineTest.xctest */,
			);
			name = Products;
			sourceTree = "<group>";
		};
		839DA90B1F8D1F95009E05F3 /* VendingMachine */ = {
			isa = PBXGroup;
			children = (
				839DA90C1F8D1F95009E05F3 /* main.swift */,
				EEC61AD61FDE69D0001698A4 /* Beverage.swift */,
				EE3730B51FDF74C60034082C /* Milk */,
				EE3730B61FDF74CE0034082C /* SoftDrink */,
				EE3730B71FDF74D50034082C /* Coffee */,
			);
			path = VendingMachine;
			sourceTree = "<group>";
		};
		EE3730B51FDF74C60034082C /* Milk */ = {
			isa = PBXGroup;
			children = (
				EEC61AD91FDE6C8C001698A4 /* Milk.swift */,
				EE37309A1FDF74590034082C /* StrawberryMilk.swift */,
				EE37309D1FDF746A0034082C /* BananaMilk.swift */,
				EE3730A01FDF74740034082C /* ChocoMilk.swift */,
			);
			path = Milk;
			sourceTree = "<group>";
		};
		EE3730B61FDF74CE0034082C /* SoftDrink */ = {
			isa = PBXGroup;
			children = (
				EEC61ADC1FDE6C96001698A4 /* SoftDrink.swift */,
				EE3730A31FDF74830034082C /* CokeSoftDrink.swift */,
				EE3730A61FDF748D0034082C /* CiderSoftDrink.swift */,
				EE3730A91FDF74970034082C /* FantaSoftDrink.swift */,
			);
			path = SoftDrink;
			sourceTree = "<group>";
		};
		EE3730B71FDF74D50034082C /* Coffee */ = {
			isa = PBXGroup;
			children = (
				EEC61ADF1FDE6C9E001698A4 /* Coffee.swift */,
				EE3730AC1FDF74A40034082C /* TopCoffee.swift */,
				EE3730AF1FDF74AF0034082C /* CantataCoffee.swift */,
				EE3730B21FDF74B90034082C /* GeorgiaCoffee.swift */,
			);
			path = Coffee;
			sourceTree = "<group>";
		};
		EEC61ACF1FDE69C0001698A4 /* VendingMachineTest */ = {
			isa = PBXGroup;
			children = (
				EEC61AD01FDE69C0001698A4 /* VendingMachineTest.swift */,
				EEC61AD21FDE69C0001698A4 /* Info.plist */,
			);
			path = VendingMachineTest;
			sourceTree = "<group>";
		};
/* End PBXGroup section */

/* Begin PBXNativeTarget section */
		839DA9081F8D1F95009E05F3 /* VendingMachine */ = {
			isa = PBXNativeTarget;
			buildConfigurationList = 839DA9101F8D1F95009E05F3 /* Build configuration list for PBXNativeTarget "VendingMachine" */;
			buildPhases = (
				839DA9051F8D1F95009E05F3 /* Sources */,
				839DA9061F8D1F95009E05F3 /* Frameworks */,
				839DA9071F8D1F95009E05F3 /* CopyFiles */,
			);
			buildRules = (
			);
			dependencies = (
			);
			name = VendingMachine;
			productName = VendingMachine;
			productReference = 839DA9091F8D1F95009E05F3 /* VendingMachine */;
			productType = "com.apple.product-type.tool";
		};
		EEC61ACD1FDE69C0001698A4 /* VendingMachineTest */ = {
			isa = PBXNativeTarget;
			buildConfigurationList = EEC61AD51FDE69C0001698A4 /* Build configuration list for PBXNativeTarget "VendingMachineTest" */;
			buildPhases = (
				EEC61ACA1FDE69C0001698A4 /* Sources */,
				EEC61ACB1FDE69C0001698A4 /* Frameworks */,
				EEC61ACC1FDE69C0001698A4 /* Resources */,
			);
			buildRules = (
			);
			dependencies = (
			);
			name = VendingMachineTest;
			productName = VendingMachineTest;
			productReference = EEC61ACE1FDE69C0001698A4 /* VendingMachineTest.xctest */;
			productType = "com.apple.product-type.bundle.unit-test";
		};
/* End PBXNativeTarget section */

/* Begin PBXProject section */
		839DA9011F8D1F95009E05F3 /* Project object */ = {
			isa = PBXProject;
			attributes = {
				LastSwiftUpdateCheck = 0910;
				LastUpgradeCheck = 0900;
				ORGANIZATIONNAME = JK;
				TargetAttributes = {
					839DA9081F8D1F95009E05F3 = {
						CreatedOnToolsVersion = 9.0;
						ProvisioningStyle = Automatic;
					};
					EEC61ACD1FDE69C0001698A4 = {
						CreatedOnToolsVersion = 9.1;
						ProvisioningStyle = Automatic;
					};
				};
			};
			buildConfigurationList = 839DA9041F8D1F95009E05F3 /* Build configuration list for PBXProject "VendingMachine" */;
			compatibilityVersion = "Xcode 8.0";
			developmentRegion = en;
			hasScannedForEncodings = 0;
			knownRegions = (
				en,
			);
			mainGroup = 839DA9001F8D1F95009E05F3;
			productRefGroup = 839DA90A1F8D1F95009E05F3 /* Products */;
			projectDirPath = "";
			projectRoot = "";
			targets = (
				839DA9081F8D1F95009E05F3 /* VendingMachine */,
				EEC61ACD1FDE69C0001698A4 /* VendingMachineTest */,
			);
		};
/* End PBXProject section */

/* Begin PBXResourcesBuildPhase section */
		EEC61ACC1FDE69C0001698A4 /* Resources */ = {
			isa = PBXResourcesBuildPhase;
			buildActionMask = 2147483647;
			files = (
			);
			runOnlyForDeploymentPostprocessing = 0;
		};
/* End PBXResourcesBuildPhase section */

/* Begin PBXSourcesBuildPhase section */
		839DA9051F8D1F95009E05F3 /* Sources */ = {
			isa = PBXSourcesBuildPhase;
			buildActionMask = 2147483647;
			files = (
				EE37309E1FDF746A0034082C /* BananaMilk.swift in Sources */,
				EEC61AD71FDE69D0001698A4 /* Beverage.swift in Sources */,
				EE37309B1FDF74590034082C /* StrawberryMilk.swift in Sources */,
				EE3730B01FDF74AF0034082C /* CantataCoffee.swift in Sources */,
				EE3730B31FDF74B90034082C /* GeorgiaCoffee.swift in Sources */,
				EE3730A11FDF74740034082C /* ChocoMilk.swift in Sources */,
				EEC61ADA1FDE6C8C001698A4 /* Milk.swift in Sources */,
				EE3730AD1FDF74A40034082C /* TopCoffee.swift in Sources */,
				EEC61ADD1FDE6C96001698A4 /* SoftDrink.swift in Sources */,
				EE3730A71FDF748D0034082C /* CiderSoftDrink.swift in Sources */,
				EE3730AA1FDF74970034082C /* FantaSoftDrink.swift in Sources */,
				839DA90D1F8D1F95009E05F3 /* main.swift in Sources */,
				EEC61AE01FDE6C9E001698A4 /* Coffee.swift in Sources */,
				EE3730A41FDF74830034082C /* CokeSoftDrink.swift in Sources */,
			);
			runOnlyForDeploymentPostprocessing = 0;
		};
		EEC61ACA1FDE69C0001698A4 /* Sources */ = {
			isa = PBXSourcesBuildPhase;
			buildActionMask = 2147483647;
			files = (
				EE37309F1FDF746A0034082C /* BananaMilk.swift in Sources */,
				EEC61AD81FDE69D0001698A4 /* Beverage.swift in Sources */,
				EE37309C1FDF74590034082C /* StrawberryMilk.swift in Sources */,
				EE3730B11FDF74AF0034082C /* CantataCoffee.swift in Sources */,
				EE3730B41FDF74B90034082C /* GeorgiaCoffee.swift in Sources */,
				EE3730A21FDF74740034082C /* ChocoMilk.swift in Sources */,
				EEC61ADB1FDE6C8C001698A4 /* Milk.swift in Sources */,
				EE3730AE1FDF74A40034082C /* TopCoffee.swift in Sources */,
				EEC61ADE1FDE6C96001698A4 /* SoftDrink.swift in Sources */,
				EE3730A81FDF748D0034082C /* CiderSoftDrink.swift in Sources */,
				EE3730AB1FDF74970034082C /* FantaSoftDrink.swift in Sources */,
				EEC61AD11FDE69C0001698A4 /* VendingMachineTest.swift in Sources */,
				EEC61AE11FDE6C9E001698A4 /* Coffee.swift in Sources */,
				EE3730A51FDF74830034082C /* CokeSoftDrink.swift in Sources */,
			);
			runOnlyForDeploymentPostprocessing = 0;
		};
/* End PBXSourcesBuildPhase section */

/* Begin XCBuildConfiguration section */
		839DA90E1F8D1F95009E05F3 /* Debug */ = {
			isa = XCBuildConfiguration;
			buildSettings = {
				ALWAYS_SEARCH_USER_PATHS = NO;
				CLANG_ANALYZER_NONNULL = YES;
				CLANG_ANALYZER_NUMBER_OBJECT_CONVERSION = YES_AGGRESSIVE;
				CLANG_CXX_LANGUAGE_STANDARD = "gnu++14";
				CLANG_CXX_LIBRARY = "libc++";
				CLANG_ENABLE_MODULES = YES;
				CLANG_ENABLE_OBJC_ARC = YES;
				CLANG_WARN_BLOCK_CAPTURE_AUTORELEASING = YES;
				CLANG_WARN_BOOL_CONVERSION = YES;
				CLANG_WARN_COMMA = YES;
				CLANG_WARN_CONSTANT_CONVERSION = YES;
				CLANG_WARN_DIRECT_OBJC_ISA_USAGE = YES_ERROR;
				CLANG_WARN_DOCUMENTATION_COMMENTS = YES;
				CLANG_WARN_EMPTY_BODY = YES;
				CLANG_WARN_ENUM_CONVERSION = YES;
				CLANG_WARN_INFINITE_RECURSION = YES;
				CLANG_WARN_INT_CONVERSION = YES;
				CLANG_WARN_NON_LITERAL_NULL_CONVERSION = YES;
				CLANG_WARN_OBJC_LITERAL_CONVERSION = YES;
				CLANG_WARN_OBJC_ROOT_CLASS = YES_ERROR;
				CLANG_WARN_RANGE_LOOP_ANALYSIS = YES;
				CLANG_WARN_STRICT_PROTOTYPES = YES;
				CLANG_WARN_SUSPICIOUS_MOVE = YES;
				CLANG_WARN_UNGUARDED_AVAILABILITY = YES_AGGRESSIVE;
				CLANG_WARN_UNREACHABLE_CODE = YES;
				CLANG_WARN__DUPLICATE_METHOD_MATCH = YES;
				CODE_SIGN_IDENTITY = "-";
				COPY_PHASE_STRIP = NO;
				DEBUG_INFORMATION_FORMAT = dwarf;
				ENABLE_STRICT_OBJC_MSGSEND = YES;
				ENABLE_TESTABILITY = YES;
				GCC_C_LANGUAGE_STANDARD = gnu11;
				GCC_DYNAMIC_NO_PIC = NO;
				GCC_NO_COMMON_BLOCKS = YES;
				GCC_OPTIMIZATION_LEVEL = 0;
				GCC_PREPROCESSOR_DEFINITIONS = (
					"DEBUG=1",
					"$(inherited)",
				);
				GCC_WARN_64_TO_32_BIT_CONVERSION = YES;
				GCC_WARN_ABOUT_RETURN_TYPE = YES_ERROR;
				GCC_WARN_UNDECLARED_SELECTOR = YES;
				GCC_WARN_UNINITIALIZED_AUTOS = YES_AGGRESSIVE;
				GCC_WARN_UNUSED_FUNCTION = YES;
				GCC_WARN_UNUSED_VARIABLE = YES;
				MACOSX_DEPLOYMENT_TARGET = 10.13;
				MTL_ENABLE_DEBUG_INFO = YES;
				ONLY_ACTIVE_ARCH = YES;
				SDKROOT = macosx;
				SWIFT_ACTIVE_COMPILATION_CONDITIONS = DEBUG;
				SWIFT_OPTIMIZATION_LEVEL = "-Onone";
			};
			name = Debug;
		};
		839DA90F1F8D1F95009E05F3 /* Release */ = {
			isa = XCBuildConfiguration;
			buildSettings = {
				ALWAYS_SEARCH_USER_PATHS = NO;
				CLANG_ANALYZER_NONNULL = YES;
				CLANG_ANALYZER_NUMBER_OBJECT_CONVERSION = YES_AGGRESSIVE;
				CLANG_CXX_LANGUAGE_STANDARD = "gnu++14";
				CLANG_CXX_LIBRARY = "libc++";
				CLANG_ENABLE_MODULES = YES;
				CLANG_ENABLE_OBJC_ARC = YES;
				CLANG_WARN_BLOCK_CAPTURE_AUTORELEASING = YES;
				CLANG_WARN_BOOL_CONVERSION = YES;
				CLANG_WARN_COMMA = YES;
				CLANG_WARN_CONSTANT_CONVERSION = YES;
				CLANG_WARN_DIRECT_OBJC_ISA_USAGE = YES_ERROR;
				CLANG_WARN_DOCUMENTATION_COMMENTS = YES;
				CLANG_WARN_EMPTY_BODY = YES;
				CLANG_WARN_ENUM_CONVERSION = YES;
				CLANG_WARN_INFINITE_RECURSION = YES;
				CLANG_WARN_INT_CONVERSION = YES;
				CLANG_WARN_NON_LITERAL_NULL_CONVERSION = YES;
				CLANG_WARN_OBJC_LITERAL_CONVERSION = YES;
				CLANG_WARN_OBJC_ROOT_CLASS = YES_ERROR;
				CLANG_WARN_RANGE_LOOP_ANALYSIS = YES;
				CLANG_WARN_STRICT_PROTOTYPES = YES;
				CLANG_WARN_SUSPICIOUS_MOVE = YES;
				CLANG_WARN_UNGUARDED_AVAILABILITY = YES_AGGRESSIVE;
				CLANG_WARN_UNREACHABLE_CODE = YES;
				CLANG_WARN__DUPLICATE_METHOD_MATCH = YES;
				CODE_SIGN_IDENTITY = "-";
				COPY_PHASE_STRIP = NO;
				DEBUG_INFORMATION_FORMAT = "dwarf-with-dsym";
				ENABLE_NS_ASSERTIONS = NO;
				ENABLE_STRICT_OBJC_MSGSEND = YES;
				GCC_C_LANGUAGE_STANDARD = gnu11;
				GCC_NO_COMMON_BLOCKS = YES;
				GCC_WARN_64_TO_32_BIT_CONVERSION = YES;
				GCC_WARN_ABOUT_RETURN_TYPE = YES_ERROR;
				GCC_WARN_UNDECLARED_SELECTOR = YES;
				GCC_WARN_UNINITIALIZED_AUTOS = YES_AGGRESSIVE;
				GCC_WARN_UNUSED_FUNCTION = YES;
				GCC_WARN_UNUSED_VARIABLE = YES;
				MACOSX_DEPLOYMENT_TARGET = 10.13;
				MTL_ENABLE_DEBUG_INFO = NO;
				SDKROOT = macosx;
				SWIFT_OPTIMIZATION_LEVEL = "-Owholemodule";
			};
			name = Release;
		};
		839DA9111F8D1F95009E05F3 /* Debug */ = {
			isa = XCBuildConfiguration;
			buildSettings = {
				CODE_SIGN_STYLE = Automatic;
				PRODUCT_NAME = "$(TARGET_NAME)";
				SWIFT_VERSION = 4.0;
			};
			name = Debug;
		};
		839DA9121F8D1F95009E05F3 /* Release */ = {
			isa = XCBuildConfiguration;
			buildSettings = {
				CODE_SIGN_STYLE = Automatic;
				PRODUCT_NAME = "$(TARGET_NAME)";
				SWIFT_VERSION = 4.0;
			};
			name = Release;
		};
		EEC61AD31FDE69C0001698A4 /* Debug */ = {
			isa = XCBuildConfiguration;
			buildSettings = {
				CODE_SIGN_IDENTITY = "Mac Developer";
				CODE_SIGN_STYLE = Automatic;
				COMBINE_HIDPI_IMAGES = YES;
				DEVELOPMENT_TEAM = VY6BWEP79H;
				INFOPLIST_FILE = VendingMachineTest/Info.plist;
				LD_RUNPATH_SEARCH_PATHS = "$(inherited) @executable_path/../Frameworks @loader_path/../Frameworks";
				PRODUCT_BUNDLE_IDENTIFIER = undervineg.ios.school.VendingMachineTest;
				PRODUCT_NAME = "$(TARGET_NAME)";
				SWIFT_VERSION = 4.0;
			};
			name = Debug;
		};
		EEC61AD41FDE69C0001698A4 /* Release */ = {
			isa = XCBuildConfiguration;
			buildSettings = {
				CODE_SIGN_IDENTITY = "Mac Developer";
				CODE_SIGN_STYLE = Automatic;
				COMBINE_HIDPI_IMAGES = YES;
				DEVELOPMENT_TEAM = VY6BWEP79H;
				INFOPLIST_FILE = VendingMachineTest/Info.plist;
				LD_RUNPATH_SEARCH_PATHS = "$(inherited) @executable_path/../Frameworks @loader_path/../Frameworks";
				PRODUCT_BUNDLE_IDENTIFIER = undervineg.ios.school.VendingMachineTest;
				PRODUCT_NAME = "$(TARGET_NAME)";
				SWIFT_VERSION = 4.0;
			};
			name = Release;
		};
/* End XCBuildConfiguration section */

/* Begin XCConfigurationList section */
		839DA9041F8D1F95009E05F3 /* Build configuration list for PBXProject "VendingMachine" */ = {
			isa = XCConfigurationList;
			buildConfigurations = (
				839DA90E1F8D1F95009E05F3 /* Debug */,
				839DA90F1F8D1F95009E05F3 /* Release */,
			);
			defaultConfigurationIsVisible = 0;
			defaultConfigurationName = Release;
		};
		839DA9101F8D1F95009E05F3 /* Build configuration list for PBXNativeTarget "VendingMachine" */ = {
			isa = XCConfigurationList;
			buildConfigurations = (
				839DA9111F8D1F95009E05F3 /* Debug */,
				839DA9121F8D1F95009E05F3 /* Release */,
			);
			defaultConfigurationIsVisible = 0;
			defaultConfigurationName = Release;
		};
		EEC61AD51FDE69C0001698A4 /* Build configuration list for PBXNativeTarget "VendingMachineTest" */ = {
			isa = XCConfigurationList;
			buildConfigurations = (
				EEC61AD31FDE69C0001698A4 /* Debug */,
				EEC61AD41FDE69C0001698A4 /* Release */,
			);
			defaultConfigurationIsVisible = 0;
			defaultConfigurationName = Release;
		};
/* End XCConfigurationList section */
	};
	rootObject = 839DA9011F8D1F95009E05F3 /* Project object */;
}
