// !$*UTF8*$!
{
	archiveVersion = 1;
	classes = {
	};
	objectVersion = 48;
	objects = {

/* Begin PBXBuildFile section */
		839DA90D1F8D1F95009E05F3 /* main.swift in Sources */ = {isa = PBXBuildFile; fileRef = 839DA90C1F8D1F95009E05F3 /* main.swift */; };
		9D8BAD5821CCD5260041467D /* Beverage.swift in Sources */ = {isa = PBXBuildFile; fileRef = 9D8BAD5721CCD5260041467D /* Beverage.swift */; };
		9D8BAD5A21CCD9DF0041467D /* Milk.swift in Sources */ = {isa = PBXBuildFile; fileRef = 9D8BAD5921CCD9DF0041467D /* Milk.swift */; };
		9D8BAD5C21CCDA060041467D /* CarbonatedDrink .swift in Sources */ = {isa = PBXBuildFile; fileRef = 9D8BAD5B21CCDA060041467D /* CarbonatedDrink .swift */; };
		9D8BAD5E21CCDA100041467D /* Coffee.swift in Sources */ = {isa = PBXBuildFile; fileRef = 9D8BAD5D21CCDA100041467D /* Coffee.swift */; };
		9D8BAD6621D5E38C0041467D /* DateFormat.swift in Sources */ = {isa = PBXBuildFile; fileRef = 9D8BAD6521D5E38C0041467D /* DateFormat.swift */; };
		9D8BAD7F21D5FE9F0041467D /* BananaMilk.swift in Sources */ = {isa = PBXBuildFile; fileRef = 9D8BAD7E21D5FE9F0041467D /* BananaMilk.swift */; };
		9D8BAD8121D5FEB10041467D /* ChocoMilk.swift in Sources */ = {isa = PBXBuildFile; fileRef = 9D8BAD8021D5FEB10041467D /* ChocoMilk.swift */; };
		9D8BAD8321D5FEC40041467D /* Cola.swift in Sources */ = {isa = PBXBuildFile; fileRef = 9D8BAD8221D5FEC40041467D /* Cola.swift */; };
		9D8BAD8521D5FECB0041467D /* Fanta.swift in Sources */ = {isa = PBXBuildFile; fileRef = 9D8BAD8421D5FECB0041467D /* Fanta.swift */; };
		9D8BAD8721D5FED40041467D /* Cantata.swift in Sources */ = {isa = PBXBuildFile; fileRef = 9D8BAD8621D5FED40041467D /* Cantata.swift */; };
		9D8BAD8921D5FEDB0041467D /* TOP.swift in Sources */ = {isa = PBXBuildFile; fileRef = 9D8BAD8821D5FEDB0041467D /* TOP.swift */; };
		9D8BAD8B21D626DE0041467D /* UnitTestCarbonatedInterface.swift in Sources */ = {isa = PBXBuildFile; fileRef = 9D8BAD7821D5FE290041467D /* UnitTestCarbonatedInterface.swift */; };
		9D8BAD8E21D6299B0041467D /* main.swift in Sources */ = {isa = PBXBuildFile; fileRef = 839DA90C1F8D1F95009E05F3 /* main.swift */; };
		9D8BAD8F21D629A00041467D /* DateFormat.swift in Sources */ = {isa = PBXBuildFile; fileRef = 9D8BAD6521D5E38C0041467D /* DateFormat.swift */; };
		9D8BAD9021D629A20041467D /* Beverage.swift in Sources */ = {isa = PBXBuildFile; fileRef = 9D8BAD5721CCD5260041467D /* Beverage.swift */; };
		9D8BAD9121D629A40041467D /* Milk.swift in Sources */ = {isa = PBXBuildFile; fileRef = 9D8BAD5921CCD9DF0041467D /* Milk.swift */; };
		9D8BAD9221D629A60041467D /* CarbonatedDrink .swift in Sources */ = {isa = PBXBuildFile; fileRef = 9D8BAD5B21CCDA060041467D /* CarbonatedDrink .swift */; };
		9D8BAD9321D629A80041467D /* Coffee.swift in Sources */ = {isa = PBXBuildFile; fileRef = 9D8BAD5D21CCDA100041467D /* Coffee.swift */; };
		9D8BAD9421D629AB0041467D /* BananaMilk.swift in Sources */ = {isa = PBXBuildFile; fileRef = 9D8BAD7E21D5FE9F0041467D /* BananaMilk.swift */; };
		9D8BAD9521D629AD0041467D /* Cola.swift in Sources */ = {isa = PBXBuildFile; fileRef = 9D8BAD8221D5FEC40041467D /* Cola.swift */; };
		9D8BAD9621D629AF0041467D /* ChocoMilk.swift in Sources */ = {isa = PBXBuildFile; fileRef = 9D8BAD8021D5FEB10041467D /* ChocoMilk.swift */; };
		9D8BAD9721D629B30041467D /* Fanta.swift in Sources */ = {isa = PBXBuildFile; fileRef = 9D8BAD8421D5FECB0041467D /* Fanta.swift */; };
		9D8BAD9821D629B50041467D /* Cantata.swift in Sources */ = {isa = PBXBuildFile; fileRef = 9D8BAD8621D5FED40041467D /* Cantata.swift */; };
		9D8BAD9921D629B70041467D /* TOP.swift in Sources */ = {isa = PBXBuildFile; fileRef = 9D8BAD8821D5FEDB0041467D /* TOP.swift */; };
		9D8BAD9B21D638CE0041467D /* UnitTestMilkInterface.swift in Sources */ = {isa = PBXBuildFile; fileRef = 9D8BAD9A21D638CE0041467D /* UnitTestMilkInterface.swift */; };
		9D8BAD9D21D63D9D0041467D /* UnitTestCoffeeInterface.swift in Sources */ = {isa = PBXBuildFile; fileRef = 9D8BAD9C21D63D9D0041467D /* UnitTestCoffeeInterface.swift */; };
		9DF214C421DE01A200DD27BD /* VendingMachine.swift in Sources */ = {isa = PBXBuildFile; fileRef = 9DF214C321DE01A200DD27BD /* VendingMachine.swift */; };
		9DF214C621DE02B000DD27BD /* InputView.swift in Sources */ = {isa = PBXBuildFile; fileRef = 9DF214C521DE02B000DD27BD /* InputView.swift */; };
		9DF214C821DE0D9A00DD27BD /* OutputView.swift in Sources */ = {isa = PBXBuildFile; fileRef = 9DF214C721DE0D9A00DD27BD /* OutputView.swift */; };
		9DF214CC21DE18F300DD27BD /* VendingPlay.swift in Sources */ = {isa = PBXBuildFile; fileRef = 9DF214CB21DE18F300DD27BD /* VendingPlay.swift */; };
		9DF214CE21DE22C800DD27BD /* OrderMenu.swift in Sources */ = {isa = PBXBuildFile; fileRef = 9DF214CD21DE22C800DD27BD /* OrderMenu.swift */; };
		9DF214D421DF344400DD27BD /* State.swift in Sources */ = {isa = PBXBuildFile; fileRef = 9DF214D321DF344400DD27BD /* State.swift */; };
		9DF214D521E30F9C00DD27BD /* VendingMachine.swift in Sources */ = {isa = PBXBuildFile; fileRef = 9DF214C321DE01A200DD27BD /* VendingMachine.swift */; };
		9DF214D621E30FA100DD27BD /* VendingPlay.swift in Sources */ = {isa = PBXBuildFile; fileRef = 9DF214CB21DE18F300DD27BD /* VendingPlay.swift */; };
		9DF214D721E30FAE00DD27BD /* State.swift in Sources */ = {isa = PBXBuildFile; fileRef = 9DF214D321DF344400DD27BD /* State.swift */; };
		9DF214D921E30FB300DD27BD /* OrderMenu.swift in Sources */ = {isa = PBXBuildFile; fileRef = 9DF214CD21DE22C800DD27BD /* OrderMenu.swift */; };
		9DF214DB21E30FD400DD27BD /* UnitTestVendingMachine.swift in Sources */ = {isa = PBXBuildFile; fileRef = 9DF214DA21E30FD400DD27BD /* UnitTestVendingMachine.swift */; };
		9DF214DC21E3112500DD27BD /* OutputView.swift in Sources */ = {isa = PBXBuildFile; fileRef = 9DF214C721DE0D9A00DD27BD /* OutputView.swift */; };
		9DF214DD21E3112700DD27BD /* InputView.swift in Sources */ = {isa = PBXBuildFile; fileRef = 9DF214C521DE02B000DD27BD /* InputView.swift */; };
		9DF214DF21E34BC000DD27BD /* PurchaseHistory.swift in Sources */ = {isa = PBXBuildFile; fileRef = 9DF214DE21E34BC000DD27BD /* PurchaseHistory.swift */; };
		9DF214E121E34BEA00DD27BD /* Coin.swift in Sources */ = {isa = PBXBuildFile; fileRef = 9DF214E021E34BEA00DD27BD /* Coin.swift */; };
/* End PBXBuildFile section */

/* Begin PBXCopyFilesBuildPhase section */
		839DA9071F8D1F95009E05F3 /* CopyFiles */ = {
			isa = PBXCopyFilesBuildPhase;
			buildActionMask = 2147483647;
			dstPath = /usr/share/man/man1/;
			dstSubfolderSpec = 0;
			files = (
			);
			runOnlyForDeploymentPostprocessing = 1;
		};
/* End PBXCopyFilesBuildPhase section */

/* Begin PBXFileReference section */
		839DA9091F8D1F95009E05F3 /* VendingMachine */ = {isa = PBXFileReference; explicitFileType = "compiled.mach-o.executable"; includeInIndex = 0; path = VendingMachine; sourceTree = BUILT_PRODUCTS_DIR; };
		839DA90C1F8D1F95009E05F3 /* main.swift */ = {isa = PBXFileReference; lastKnownFileType = sourcecode.swift; path = main.swift; sourceTree = "<group>"; };
		9D8BAD5721CCD5260041467D /* Beverage.swift */ = {isa = PBXFileReference; lastKnownFileType = sourcecode.swift; path = Beverage.swift; sourceTree = "<group>"; };
		9D8BAD5921CCD9DF0041467D /* Milk.swift */ = {isa = PBXFileReference; lastKnownFileType = sourcecode.swift; path = Milk.swift; sourceTree = "<group>"; };
		9D8BAD5B21CCDA060041467D /* CarbonatedDrink .swift */ = {isa = PBXFileReference; lastKnownFileType = sourcecode.swift; path = "CarbonatedDrink .swift"; sourceTree = "<group>"; };
		9D8BAD5D21CCDA100041467D /* Coffee.swift */ = {isa = PBXFileReference; lastKnownFileType = sourcecode.swift; path = Coffee.swift; sourceTree = "<group>"; };
		9D8BAD6521D5E38C0041467D /* DateFormat.swift */ = {isa = PBXFileReference; lastKnownFileType = sourcecode.swift; path = DateFormat.swift; sourceTree = "<group>"; };
		9D8BAD7621D5FE290041467D /* TestHierarchyDrink.xctest */ = {isa = PBXFileReference; explicitFileType = wrapper.cfbundle; includeInIndex = 0; path = TestHierarchyDrink.xctest; sourceTree = BUILT_PRODUCTS_DIR; };
		9D8BAD7821D5FE290041467D /* UnitTestCarbonatedInterface.swift */ = {isa = PBXFileReference; lastKnownFileType = sourcecode.swift; path = UnitTestCarbonatedInterface.swift; sourceTree = "<group>"; };
		9D8BAD7A21D5FE290041467D /* Info.plist */ = {isa = PBXFileReference; lastKnownFileType = text.plist.xml; path = Info.plist; sourceTree = "<group>"; };
		9D8BAD7E21D5FE9F0041467D /* BananaMilk.swift */ = {isa = PBXFileReference; lastKnownFileType = sourcecode.swift; path = BananaMilk.swift; sourceTree = "<group>"; };
		9D8BAD8021D5FEB10041467D /* ChocoMilk.swift */ = {isa = PBXFileReference; lastKnownFileType = sourcecode.swift; path = ChocoMilk.swift; sourceTree = "<group>"; };
		9D8BAD8221D5FEC40041467D /* Cola.swift */ = {isa = PBXFileReference; lastKnownFileType = sourcecode.swift; path = Cola.swift; sourceTree = "<group>"; };
		9D8BAD8421D5FECB0041467D /* Fanta.swift */ = {isa = PBXFileReference; lastKnownFileType = sourcecode.swift; path = Fanta.swift; sourceTree = "<group>"; };
		9D8BAD8621D5FED40041467D /* Cantata.swift */ = {isa = PBXFileReference; lastKnownFileType = sourcecode.swift; path = Cantata.swift; sourceTree = "<group>"; };
		9D8BAD8821D5FEDB0041467D /* TOP.swift */ = {isa = PBXFileReference; lastKnownFileType = sourcecode.swift; path = TOP.swift; sourceTree = "<group>"; };
		9D8BAD9A21D638CE0041467D /* UnitTestMilkInterface.swift */ = {isa = PBXFileReference; lastKnownFileType = sourcecode.swift; path = UnitTestMilkInterface.swift; sourceTree = "<group>"; };
		9D8BAD9C21D63D9D0041467D /* UnitTestCoffeeInterface.swift */ = {isa = PBXFileReference; lastKnownFileType = sourcecode.swift; path = UnitTestCoffeeInterface.swift; sourceTree = "<group>"; };
		9DF214C321DE01A200DD27BD /* VendingMachine.swift */ = {isa = PBXFileReference; lastKnownFileType = sourcecode.swift; path = VendingMachine.swift; sourceTree = "<group>"; };
		9DF214C521DE02B000DD27BD /* InputView.swift */ = {isa = PBXFileReference; lastKnownFileType = sourcecode.swift; path = InputView.swift; sourceTree = "<group>"; };
		9DF214C721DE0D9A00DD27BD /* OutputView.swift */ = {isa = PBXFileReference; lastKnownFileType = sourcecode.swift; path = OutputView.swift; sourceTree = "<group>"; };
		9DF214CB21DE18F300DD27BD /* VendingPlay.swift */ = {isa = PBXFileReference; lastKnownFileType = sourcecode.swift; path = VendingPlay.swift; sourceTree = "<group>"; };
		9DF214CD21DE22C800DD27BD /* OrderMenu.swift */ = {isa = PBXFileReference; lastKnownFileType = sourcecode.swift; path = OrderMenu.swift; sourceTree = "<group>"; };
		9DF214D321DF344400DD27BD /* State.swift */ = {isa = PBXFileReference; lastKnownFileType = sourcecode.swift; path = State.swift; sourceTree = "<group>"; };
		9DF214DA21E30FD400DD27BD /* UnitTestVendingMachine.swift */ = {isa = PBXFileReference; lastKnownFileType = sourcecode.swift; path = UnitTestVendingMachine.swift; sourceTree = "<group>"; };
		9DF214DE21E34BC000DD27BD /* PurchaseHistory.swift */ = {isa = PBXFileReference; lastKnownFileType = sourcecode.swift; path = PurchaseHistory.swift; sourceTree = "<group>"; };
		9DF214E021E34BEA00DD27BD /* Coin.swift */ = {isa = PBXFileReference; lastKnownFileType = sourcecode.swift; path = Coin.swift; sourceTree = "<group>"; };
/* End PBXFileReference section */

/* Begin PBXFrameworksBuildPhase section */
		839DA9061F8D1F95009E05F3 /* Frameworks */ = {
			isa = PBXFrameworksBuildPhase;
			buildActionMask = 2147483647;
			files = (
			);
			runOnlyForDeploymentPostprocessing = 0;
		};
		9D8BAD7321D5FE290041467D /* Frameworks */ = {
			isa = PBXFrameworksBuildPhase;
			buildActionMask = 2147483647;
			files = (
			);
			runOnlyForDeploymentPostprocessing = 0;
		};
/* End PBXFrameworksBuildPhase section */

/* Begin PBXGroup section */
		839DA9001F8D1F95009E05F3 = {
			isa = PBXGroup;
			children = (
				839DA90B1F8D1F95009E05F3 /* VendingMachine */,
				9D8BAD7721D5FE290041467D /* TestHierarchyDrink */,
				839DA90A1F8D1F95009E05F3 /* Products */,
			);
			sourceTree = "<group>";
		};
		839DA90A1F8D1F95009E05F3 /* Products */ = {
			isa = PBXGroup;
			children = (
				839DA9091F8D1F95009E05F3 /* VendingMachine */,
				9D8BAD7621D5FE290041467D /* TestHierarchyDrink.xctest */,
			);
			name = Products;
			sourceTree = "<group>";
		};
		839DA90B1F8D1F95009E05F3 /* VendingMachine */ = {
			isa = PBXGroup;
			children = (
				9DF214D221DE25AE00DD27BD /* Drinks */,
				9DF214CF21DE22CD00DD27BD /* Enum */,
				9DF214C921DE12A900DD27BD /* InAndOut */,
				839DA90C1F8D1F95009E05F3 /* main.swift */,
				9DF214CB21DE18F300DD27BD /* VendingPlay.swift */,
				9DF214C321DE01A200DD27BD /* VendingMachine.swift */,
				9D8BAD6521D5E38C0041467D /* DateFormat.swift */,
				9DF214DE21E34BC000DD27BD /* PurchaseHistory.swift */,
				9DF214E021E34BEA00DD27BD /* Coin.swift */,
			);
			path = VendingMachine;
			sourceTree = "<group>";
		};
		9D8BAD7721D5FE290041467D /* TestHierarchyDrink */ = {
			isa = PBXGroup;
			children = (
				9D8BAD7821D5FE290041467D /* UnitTestCarbonatedInterface.swift */,
				9D8BAD7A21D5FE290041467D /* Info.plist */,
				9D8BAD9A21D638CE0041467D /* UnitTestMilkInterface.swift */,
				9D8BAD9C21D63D9D0041467D /* UnitTestCoffeeInterface.swift */,
				9DF214DA21E30FD400DD27BD /* UnitTestVendingMachine.swift */,
			);
			path = TestHierarchyDrink;
			sourceTree = "<group>";
			usesTabs = 0;
		};
		9DF214C921DE12A900DD27BD /* InAndOut */ = {
			isa = PBXGroup;
			children = (
				9DF214C521DE02B000DD27BD /* InputView.swift */,
				9DF214C721DE0D9A00DD27BD /* OutputView.swift */,
			);
			path = InAndOut;
			sourceTree = "<group>";
		};
		9DF214CF21DE22CD00DD27BD /* Enum */ = {
			isa = PBXGroup;
			children = (
				9DF214CD21DE22C800DD27BD /* OrderMenu.swift */,
				9DF214D321DF344400DD27BD /* State.swift */,
			);
			path = Enum;
			sourceTree = "<group>";
		};
		9DF214D221DE25AE00DD27BD /* Drinks */ = {
			isa = PBXGroup;
			children = (
				9D8BAD5721CCD5260041467D /* Beverage.swift */,
				9D8BAD5921CCD9DF0041467D /* Milk.swift */,
				9D8BAD5B21CCDA060041467D /* CarbonatedDrink .swift */,
				9D8BAD5D21CCDA100041467D /* Coffee.swift */,
				9D8BAD7E21D5FE9F0041467D /* BananaMilk.swift */,
				9D8BAD8021D5FEB10041467D /* ChocoMilk.swift */,
				9D8BAD8421D5FECB0041467D /* Fanta.swift */,
				9D8BAD8221D5FEC40041467D /* Cola.swift */,
				9D8BAD8621D5FED40041467D /* Cantata.swift */,
				9D8BAD8821D5FEDB0041467D /* TOP.swift */,
			);
			path = Drinks;
			sourceTree = "<group>";
		};
/* End PBXGroup section */

/* Begin PBXNativeTarget section */
		839DA9081F8D1F95009E05F3 /* VendingMachine */ = {
			isa = PBXNativeTarget;
			buildConfigurationList = 839DA9101F8D1F95009E05F3 /* Build configuration list for PBXNativeTarget "VendingMachine" */;
			buildPhases = (
				839DA9051F8D1F95009E05F3 /* Sources */,
				839DA9061F8D1F95009E05F3 /* Frameworks */,
				839DA9071F8D1F95009E05F3 /* CopyFiles */,
			);
			buildRules = (
			);
			dependencies = (
			);
			name = VendingMachine;
			productName = VendingMachine;
			productReference = 839DA9091F8D1F95009E05F3 /* VendingMachine */;
			productType = "com.apple.product-type.tool";
		};
		9D8BAD7521D5FE290041467D /* TestHierarchyDrink */ = {
			isa = PBXNativeTarget;
			buildConfigurationList = 9D8BAD7D21D5FE290041467D /* Build configuration list for PBXNativeTarget "TestHierarchyDrink" */;
			buildPhases = (
				9D8BAD7221D5FE290041467D /* Sources */,
				9D8BAD7321D5FE290041467D /* Frameworks */,
				9D8BAD7421D5FE290041467D /* Resources */,
			);
			buildRules = (
			);
			dependencies = (
			);
			name = TestHierarchyDrink;
			productName = TestHierarchyDrink;
			productReference = 9D8BAD7621D5FE290041467D /* TestHierarchyDrink.xctest */;
			productType = "com.apple.product-type.bundle.unit-test";
		};
/* End PBXNativeTarget section */

/* Begin PBXProject section */
		839DA9011F8D1F95009E05F3 /* Project object */ = {
			isa = PBXProject;
			attributes = {
				LastSwiftUpdateCheck = 1010;
				LastUpgradeCheck = 0900;
				ORGANIZATIONNAME = JK;
				TargetAttributes = {
					839DA9081F8D1F95009E05F3 = {
						CreatedOnToolsVersion = 9.0;
						ProvisioningStyle = Automatic;
					};
					9D8BAD7521D5FE290041467D = {
						CreatedOnToolsVersion = 10.1;
						ProvisioningStyle = Automatic;
					};
				};
			};
			buildConfigurationList = 839DA9041F8D1F95009E05F3 /* Build configuration list for PBXProject "VendingMachine" */;
			compatibilityVersion = "Xcode 8.0";
			developmentRegion = en;
			hasScannedForEncodings = 0;
			knownRegions = (
				en,
			);
			mainGroup = 839DA9001F8D1F95009E05F3;
			productRefGroup = 839DA90A1F8D1F95009E05F3 /* Products */;
			projectDirPath = "";
			projectRoot = "";
			targets = (
				839DA9081F8D1F95009E05F3 /* VendingMachine */,
				9D8BAD7521D5FE290041467D /* TestHierarchyDrink */,
			);
		};
/* End PBXProject section */

/* Begin PBXResourcesBuildPhase section */
		9D8BAD7421D5FE290041467D /* Resources */ = {
			isa = PBXResourcesBuildPhase;
			buildActionMask = 2147483647;
			files = (
			);
			runOnlyForDeploymentPostprocessing = 0;
		};
/* End PBXResourcesBuildPhase section */

/* Begin PBXSourcesBuildPhase section */
		839DA9051F8D1F95009E05F3 /* Sources */ = {
			isa = PBXSourcesBuildPhase;
			buildActionMask = 2147483647;
			files = (
				9D8BAD8321D5FEC40041467D /* Cola.swift in Sources */,
				9DF214C621DE02B000DD27BD /* InputView.swift in Sources */,
				9D8BAD7F21D5FE9F0041467D /* BananaMilk.swift in Sources */,
				9DF214C421DE01A200DD27BD /* VendingMachine.swift in Sources */,
				9D8BAD5C21CCDA060041467D /* CarbonatedDrink .swift in Sources */,
				9DF214C821DE0D9A00DD27BD /* OutputView.swift in Sources */,
				9DF214DF21E34BC000DD27BD /* PurchaseHistory.swift in Sources */,
				9D8BAD5821CCD5260041467D /* Beverage.swift in Sources */,
				9D8BAD8121D5FEB10041467D /* ChocoMilk.swift in Sources */,
				9D8BAD8521D5FECB0041467D /* Fanta.swift in Sources */,
				9D8BAD5A21CCD9DF0041467D /* Milk.swift in Sources */,
				9DF214D421DF344400DD27BD /* State.swift in Sources */,
				9D8BAD8921D5FEDB0041467D /* TOP.swift in Sources */,
				839DA90D1F8D1F95009E05F3 /* main.swift in Sources */,
				9D8BAD5E21CCDA100041467D /* Coffee.swift in Sources */,
				9DF214CE21DE22C800DD27BD /* OrderMenu.swift in Sources */,
				9D8BAD6621D5E38C0041467D /* DateFormat.swift in Sources */,
				9DF214CC21DE18F300DD27BD /* VendingPlay.swift in Sources */,
				9DF214E121E34BEA00DD27BD /* Coin.swift in Sources */,
				9D8BAD8721D5FED40041467D /* Cantata.swift in Sources */,
			);
			runOnlyForDeploymentPostprocessing = 0;
		};
		9D8BAD7221D5FE290041467D /* Sources */ = {
			isa = PBXSourcesBuildPhase;
			buildActionMask = 2147483647;
			files = (
				9D8BAD9521D629AD0041467D /* Cola.swift in Sources */,
				9D8BAD9221D629A60041467D /* CarbonatedDrink .swift in Sources */,
				9D8BAD9421D629AB0041467D /* BananaMilk.swift in Sources */,
				9DF214DD21E3112700DD27BD /* InputView.swift in Sources */,
				9DF214DC21E3112500DD27BD /* OutputView.swift in Sources */,
				9D8BAD9D21D63D9D0041467D /* UnitTestCoffeeInterface.swift in Sources */,
				9D8BAD8E21D6299B0041467D /* main.swift in Sources */,
				9DF214D721E30FAE00DD27BD /* State.swift in Sources */,
				9D8BAD9B21D638CE0041467D /* UnitTestMilkInterface.swift in Sources */,
				9D8BAD9721D629B30041467D /* Fanta.swift in Sources */,
				9D8BAD8B21D626DE0041467D /* UnitTestCarbonatedInterface.swift in Sources */,
				9D8BAD9021D629A20041467D /* Beverage.swift in Sources */,
				9D8BAD9921D629B70041467D /* TOP.swift in Sources */,
				9DF214D621E30FA100DD27BD /* VendingPlay.swift in Sources */,
				9DF214DB21E30FD400DD27BD /* UnitTestVendingMachine.swift in Sources */,
				9D8BAD8F21D629A00041467D /* DateFormat.swift in Sources */,
				9D8BAD9821D629B50041467D /* Cantata.swift in Sources */,
				9D8BAD9621D629AF0041467D /* ChocoMilk.swift in Sources */,
				9D8BAD9121D629A40041467D /* Milk.swift in Sources */,
				9D8BAD9321D629A80041467D /* Coffee.swift in Sources */,
				9DF214D521E30F9C00DD27BD /* VendingMachine.swift in Sources */,
				9DF214D921E30FB300DD27BD /* OrderMenu.swift in Sources */,
			);
			runOnlyForDeploymentPostprocessing = 0;
		};
/* End PBXSourcesBuildPhase section */

/* Begin XCBuildConfiguration section */
		839DA90E1F8D1F95009E05F3 /* Debug */ = {
			isa = XCBuildConfiguration;
			buildSettings = {
				ALWAYS_SEARCH_USER_PATHS = NO;
				CLANG_ANALYZER_NONNULL = YES;
				CLANG_ANALYZER_NUMBER_OBJECT_CONVERSION = YES_AGGRESSIVE;
				CLANG_CXX_LANGUAGE_STANDARD = "gnu++14";
				CLANG_CXX_LIBRARY = "libc++";
				CLANG_ENABLE_MODULES = YES;
				CLANG_ENABLE_OBJC_ARC = YES;
				CLANG_WARN_BLOCK_CAPTURE_AUTORELEASING = YES;
				CLANG_WARN_BOOL_CONVERSION = YES;
				CLANG_WARN_COMMA = YES;
				CLANG_WARN_CONSTANT_CONVERSION = YES;
				CLANG_WARN_DIRECT_OBJC_ISA_USAGE = YES_ERROR;
				CLANG_WARN_DOCUMENTATION_COMMENTS = YES;
				CLANG_WARN_EMPTY_BODY = YES;
				CLANG_WARN_ENUM_CONVERSION = YES;
				CLANG_WARN_INFINITE_RECURSION = YES;
				CLANG_WARN_INT_CONVERSION = YES;
				CLANG_WARN_NON_LITERAL_NULL_CONVERSION = YES;
				CLANG_WARN_OBJC_LITERAL_CONVERSION = YES;
				CLANG_WARN_OBJC_ROOT_CLASS = YES_ERROR;
				CLANG_WARN_RANGE_LOOP_ANALYSIS = YES;
				CLANG_WARN_STRICT_PROTOTYPES = YES;
				CLANG_WARN_SUSPICIOUS_MOVE = YES;
				CLANG_WARN_UNGUARDED_AVAILABILITY = YES_AGGRESSIVE;
				CLANG_WARN_UNREACHABLE_CODE = YES;
				CLANG_WARN__DUPLICATE_METHOD_MATCH = YES;
				CODE_SIGN_IDENTITY = "-";
				COPY_PHASE_STRIP = NO;
				DEBUG_INFORMATION_FORMAT = dwarf;
				ENABLE_STRICT_OBJC_MSGSEND = YES;
				ENABLE_TESTABILITY = YES;
				GCC_C_LANGUAGE_STANDARD = gnu11;
				GCC_DYNAMIC_NO_PIC = NO;
				GCC_NO_COMMON_BLOCKS = YES;
				GCC_OPTIMIZATION_LEVEL = 0;
				GCC_PREPROCESSOR_DEFINITIONS = (
					"DEBUG=1",
					"$(inherited)",
				);
				GCC_WARN_64_TO_32_BIT_CONVERSION = YES;
				GCC_WARN_ABOUT_RETURN_TYPE = YES_ERROR;
				GCC_WARN_UNDECLARED_SELECTOR = YES;
				GCC_WARN_UNINITIALIZED_AUTOS = YES_AGGRESSIVE;
				GCC_WARN_UNUSED_FUNCTION = YES;
				GCC_WARN_UNUSED_VARIABLE = YES;
				MACOSX_DEPLOYMENT_TARGET = 10.13;
				MTL_ENABLE_DEBUG_INFO = YES;
				ONLY_ACTIVE_ARCH = YES;
				SDKROOT = macosx;
				SWIFT_ACTIVE_COMPILATION_CONDITIONS = DEBUG;
				SWIFT_OPTIMIZATION_LEVEL = "-Onone";
			};
			name = Debug;
		};
		839DA90F1F8D1F95009E05F3 /* Release */ = {
			isa = XCBuildConfiguration;
			buildSettings = {
				ALWAYS_SEARCH_USER_PATHS = NO;
				CLANG_ANALYZER_NONNULL = YES;
				CLANG_ANALYZER_NUMBER_OBJECT_CONVERSION = YES_AGGRESSIVE;
				CLANG_CXX_LANGUAGE_STANDARD = "gnu++14";
				CLANG_CXX_LIBRARY = "libc++";
				CLANG_ENABLE_MODULES = YES;
				CLANG_ENABLE_OBJC_ARC = YES;
				CLANG_WARN_BLOCK_CAPTURE_AUTORELEASING = YES;
				CLANG_WARN_BOOL_CONVERSION = YES;
				CLANG_WARN_COMMA = YES;
				CLANG_WARN_CONSTANT_CONVERSION = YES;
				CLANG_WARN_DIRECT_OBJC_ISA_USAGE = YES_ERROR;
				CLANG_WARN_DOCUMENTATION_COMMENTS = YES;
				CLANG_WARN_EMPTY_BODY = YES;
				CLANG_WARN_ENUM_CONVERSION = YES;
				CLANG_WARN_INFINITE_RECURSION = YES;
				CLANG_WARN_INT_CONVERSION = YES;
				CLANG_WARN_NON_LITERAL_NULL_CONVERSION = YES;
				CLANG_WARN_OBJC_LITERAL_CONVERSION = YES;
				CLANG_WARN_OBJC_ROOT_CLASS = YES_ERROR;
				CLANG_WARN_RANGE_LOOP_ANALYSIS = YES;
				CLANG_WARN_STRICT_PROTOTYPES = YES;
				CLANG_WARN_SUSPICIOUS_MOVE = YES;
				CLANG_WARN_UNGUARDED_AVAILABILITY = YES_AGGRESSIVE;
				CLANG_WARN_UNREACHABLE_CODE = YES;
				CLANG_WARN__DUPLICATE_METHOD_MATCH = YES;
				CODE_SIGN_IDENTITY = "-";
				COPY_PHASE_STRIP = NO;
				DEBUG_INFORMATION_FORMAT = "dwarf-with-dsym";
				ENABLE_NS_ASSERTIONS = NO;
				ENABLE_STRICT_OBJC_MSGSEND = YES;
				GCC_C_LANGUAGE_STANDARD = gnu11;
				GCC_NO_COMMON_BLOCKS = YES;
				GCC_WARN_64_TO_32_BIT_CONVERSION = YES;
				GCC_WARN_ABOUT_RETURN_TYPE = YES_ERROR;
				GCC_WARN_UNDECLARED_SELECTOR = YES;
				GCC_WARN_UNINITIALIZED_AUTOS = YES_AGGRESSIVE;
				GCC_WARN_UNUSED_FUNCTION = YES;
				GCC_WARN_UNUSED_VARIABLE = YES;
				MACOSX_DEPLOYMENT_TARGET = 10.13;
				MTL_ENABLE_DEBUG_INFO = NO;
				SDKROOT = macosx;
				SWIFT_OPTIMIZATION_LEVEL = "-Owholemodule";
			};
			name = Release;
		};
		839DA9111F8D1F95009E05F3 /* Debug */ = {
			isa = XCBuildConfiguration;
			buildSettings = {
				CODE_SIGN_STYLE = Automatic;
				PRODUCT_NAME = "$(TARGET_NAME)";
				SWIFT_VERSION = 4.0;
			};
			name = Debug;
		};
		839DA9121F8D1F95009E05F3 /* Release */ = {
			isa = XCBuildConfiguration;
			buildSettings = {
				CODE_SIGN_STYLE = Automatic;
				PRODUCT_NAME = "$(TARGET_NAME)";
				SWIFT_VERSION = 4.0;
			};
			name = Release;
		};
		9D8BAD7B21D5FE290041467D /* Debug */ = {
			isa = XCBuildConfiguration;
			buildSettings = {
				CLANG_ENABLE_OBJC_WEAK = YES;
				CLANG_WARN_DEPRECATED_OBJC_IMPLEMENTATIONS = YES;
				CLANG_WARN_OBJC_IMPLICIT_RETAIN_SELF = YES;
				CODE_SIGN_STYLE = Automatic;
				COMBINE_HIDPI_IMAGES = YES;
				INFOPLIST_FILE = TestHierarchyDrink/Info.plist;
				LD_RUNPATH_SEARCH_PATHS = "$(inherited) @executable_path/../Frameworks @loader_path/../Frameworks";
				MACOSX_DEPLOYMENT_TARGET = 10.14;
				MTL_ENABLE_DEBUG_INFO = INCLUDE_SOURCE;
				MTL_FAST_MATH = YES;
				PRODUCT_BUNDLE_IDENTIFIER = "-01421036.TestHierarchyDrink";
				PRODUCT_NAME = "$(TARGET_NAME)";
				SWIFT_VERSION = 4.2;
			};
			name = Debug;
		};
		9D8BAD7C21D5FE290041467D /* Release */ = {
			isa = XCBuildConfiguration;
			buildSettings = {
				CLANG_ENABLE_OBJC_WEAK = YES;
				CLANG_WARN_DEPRECATED_OBJC_IMPLEMENTATIONS = YES;
				CLANG_WARN_OBJC_IMPLICIT_RETAIN_SELF = YES;
				CODE_SIGN_STYLE = Automatic;
				COMBINE_HIDPI_IMAGES = YES;
				INFOPLIST_FILE = TestHierarchyDrink/Info.plist;
				LD_RUNPATH_SEARCH_PATHS = "$(inherited) @executable_path/../Frameworks @loader_path/../Frameworks";
				MACOSX_DEPLOYMENT_TARGET = 10.14;
				MTL_FAST_MATH = YES;
				PRODUCT_BUNDLE_IDENTIFIER = "-01421036.TestHierarchyDrink";
				PRODUCT_NAME = "$(TARGET_NAME)";
				SWIFT_VERSION = 4.2;
			};
			name = Release;
		};
/* End XCBuildConfiguration section */

/* Begin XCConfigurationList section */
		839DA9041F8D1F95009E05F3 /* Build configuration list for PBXProject "VendingMachine" */ = {
			isa = XCConfigurationList;
			buildConfigurations = (
				839DA90E1F8D1F95009E05F3 /* Debug */,
				839DA90F1F8D1F95009E05F3 /* Release */,
			);
			defaultConfigurationIsVisible = 0;
			defaultConfigurationName = Release;
		};
		839DA9101F8D1F95009E05F3 /* Build configuration list for PBXNativeTarget "VendingMachine" */ = {
			isa = XCConfigurationList;
			buildConfigurations = (
				839DA9111F8D1F95009E05F3 /* Debug */,
				839DA9121F8D1F95009E05F3 /* Release */,
			);
			defaultConfigurationIsVisible = 0;
			defaultConfigurationName = Release;
		};
		9D8BAD7D21D5FE290041467D /* Build configuration list for PBXNativeTarget "TestHierarchyDrink" */ = {
			isa = XCConfigurationList;
			buildConfigurations = (
				9D8BAD7B21D5FE290041467D /* Debug */,
				9D8BAD7C21D5FE290041467D /* Release */,
			);
			defaultConfigurationIsVisible = 0;
			defaultConfigurationName = Release;
		};
/* End XCConfigurationList section */
	};
	rootObject = 839DA9011F8D1F95009E05F3 /* Project object */;
}
